{
  "pins" : [
    {
      "identity" : "braze-swift-sdk-prebuilt-static",
      "kind" : "remoteSourceControl",
      "location" : "https://github.com/braze-inc/braze-swift-sdk-prebuilt-static",
      "state" : {
        "revision" : "269a08348be82e089711a8954051a40ec9c31b2f",
        "version" : "18.2.0"
      }
    },
    {
      "identity" : "rudder-sdk-swift",
      "kind" : "remoteSourceControl",
      "location" : "https://github.com/rudderlabs/rudder-sdk-swift.git",
      "state" : {
        "revision" : "01fea0d07e79336d3a02acfb0eefa22a7e194497",
        "version" : "1.0.0"
      }
    }
  ],
  "version" : 2
}
