{
  "originHash" : "8d18c831e33bc2abe63bba114d37c54143bb96484a60f2b6381cdad7cbf77c83",
  "pins" : [
    {
      "identity" : "braze-swift-sdk-prebuilt-static",
      "kind" : "remoteSourceControl",
      "location" : "https://github.com/braze-inc/braze-swift-sdk-prebuilt-static",
      "state" : {
        "revision" : "4f72d7d7b8242c37b7f0523f5a7070fd731a6093",
        "version" : "14.1.0"
      }
    },
    {
      "identity" : "rudder-sdk-swift",
      "kind" : "remoteSourceControl",
      "location" : "https://github.com/rudderlabs/rudder-sdk-swift.git",
      "state" : {
        "revision" : "ce41412cf9e293d3050b90afa52e2a0cfadd3b1a",
        "version" : "1.2.1"
      }
    }
  ],
  "version" : 3
}
