{
  "originHash" : "f0ec64e9580bd3c8b4de994da0074847bae34fc48e6900cc090419bb3d0cfd4c",
  "pins" : [
    {
      "identity" : "braze-swift-sdk-prebuilt-static",
      "kind" : "remoteSourceControl",
      "location" : "https://github.com/braze-inc/braze-swift-sdk-prebuilt-static",
      "state" : {
        "revision" : "8be16a8beed853741e4d98aa36ed6a3f94693137",
        "version" : "12.1.0"
      }
    },
    {
      "identity" : "rudder-sdk-swift",
      "kind" : "remoteSourceControl",
      "location" : "https://github.com/rudderlabs/rudder-sdk-swift.git",
      "state" : {
        "revision" : "8c13aea6dd9a4fb38b54eb2e7d45b97649cb6ad7"
      }
    }
  ],
  "version" : 3
}
