{
  "originHash" : "078f32780198e847a3d3300817dbc9a8aa3be05ff9743c8612fc1afbab03500c",
  "pins" : [
    {
      "identity" : "braze-swift-sdk-prebuilt-static",
      "kind" : "remoteSourceControl",
      "location" : "https://github.com/braze-inc/braze-swift-sdk-prebuilt-static",
      "state" : {
        "revision" : "9029f34d023deac6039e3bafc6212af0bb92067d",
        "version" : "14.0.1"
      }
    },
    {
      "identity" : "rudder-sdk-swift",
      "kind" : "remoteSourceControl",
      "location" : "https://github.com/rudderlabs/rudder-sdk-swift.git",
      "state" : {
        "revision" : "01fea0d07e79336d3a02acfb0eefa22a7e194497",
        "version" : "1.0.0"
      }
    }
  ],
  "version" : 3
}
